
Microsoft Visual Studio Solution File, Format Version 12.00
# Visual Studio Version 17
VisualStudioVersion = 17.10.35013.160
MinimumVisualStudioVersion = 10.0.40219.1
Project("{9A19103F-16F7-4668-BE54-9A1E7A4F7556}") = "Application", "Learn01\src\Application\Application.csproj", "{E7F699A1-C9F5-43A8-8BE1-B0343385B692}"
EndProject
Project("{9A19103F-16F7-4668-BE54-9A1E7A4F7556}") = "Domain", "Learn01\src\Domain\Domain.csproj", "{6972C82E-8BE3-4376-81B1-72098F7B6DD6}"
EndProject
Project("{9A19103F-16F7-4668-BE54-9A1E7A4F7556}") = "Infrastructure", "Learn01\src\Infrastructure\Infrastructure.csproj", "{7B1DADE7-229B-4A65-8EC6-DD3E02F96C75}"
EndProject
Project("{9A19103F-16F7-4668-BE54-9A1E7A4F7556}") = "Web", "Learn01\src\Web\Web.csproj", "{BE65FC9B-6752-455A-A352-6FEB4016B53B}"
EndProject
Global
	GlobalSection(SolutionConfigurationPlatforms) = preSolution
		Debug|Any CPU = Debug|Any CPU
		Release|Any CPU = Release|Any CPU
	EndGlobalSection
	GlobalSection(ProjectConfigurationPlatforms) = postSolution
		{E7F699A1-C9F5-43A8-8BE1-B0343385B692}.Debug|Any CPU.ActiveCfg = Debug|Any CPU
		{E7F699A1-C9F5-43A8-8BE1-B0343385B692}.Debug|Any CPU.Build.0 = Debug|Any CPU
		{E7F699A1-C9F5-43A8-8BE1-B0343385B692}.Release|Any CPU.ActiveCfg = Release|Any CPU
		{E7F699A1-C9F5-43A8-8BE1-B0343385B692}.Release|Any CPU.Build.0 = Release|Any CPU
		{6972C82E-8BE3-4376-81B1-72098F7B6DD6}.Debug|Any CPU.ActiveCfg = Debug|Any CPU
		{6972C82E-8BE3-4376-81B1-72098F7B6DD6}.Debug|Any CPU.Build.0 = Debug|Any CPU
		{6972C82E-8BE3-4376-81B1-72098F7B6DD6}.Release|Any CPU.ActiveCfg = Release|Any CPU
		{6972C82E-8BE3-4376-81B1-72098F7B6DD6}.Release|Any CPU.Build.0 = Release|Any CPU
		{7B1DADE7-229B-4A65-8EC6-DD3E02F96C75}.Debug|Any CPU.ActiveCfg = Debug|Any CPU
		{7B1DADE7-229B-4A65-8EC6-DD3E02F96C75}.Debug|Any CPU.Build.0 = Debug|Any CPU
		{7B1DADE7-229B-4A65-8EC6-DD3E02F96C75}.Release|Any CPU.ActiveCfg = Release|Any CPU
		{7B1DADE7-229B-4A65-8EC6-DD3E02F96C75}.Release|Any CPU.Build.0 = Release|Any CPU
		{BE65FC9B-6752-455A-A352-6FEB4016B53B}.Debug|Any CPU.ActiveCfg = Debug|Any CPU
		{BE65FC9B-6752-455A-A352-6FEB4016B53B}.Debug|Any CPU.Build.0 = Debug|Any CPU
		{BE65FC9B-6752-455A-A352-6FEB4016B53B}.Release|Any CPU.ActiveCfg = Release|Any CPU
		{BE65FC9B-6752-455A-A352-6FEB4016B53B}.Release|Any CPU.Build.0 = Release|Any CPU
	EndGlobalSection
	GlobalSection(SolutionProperties) = preSolution
		HideSolutionNode = FALSE
	EndGlobalSection
	GlobalSection(ExtensibilityGlobals) = postSolution
		SolutionGuid = {FD3FE95B-E349-445A-8890-011896519AEF}
	EndGlobalSection
EndGlobal
